
Microsoft Visual Studio Solution File, Format Version 12.00
# Visual Studio Version 17
VisualStudioVersion = 17.5.33627.172
MinimumVisualStudioVersion = 10.0.40219.1
Project("{FAE04EC0-301F-11D3-BF4B-00C04F79EFBC}") = "InternetShopAspNetCoreMvc.UI", "InternetShopAspNetCoreMvc\InternetShopAspNetCoreMvc.UI.csproj", "{5009B8D7-3DB5-4DE6-98A6-E7B13FD1D8D8}"
EndProject
Project("{FAE04EC0-301F-11D3-BF4B-00C04F79EFBC}") = "InternetShopAspNetCoreMvc.Data", "InternetShopAspNetCoreMvc.Data\InternetShopAspNetCoreMvc.Data.csproj", "{5CC82086-3E6F-44C3-A00A-CF4F480DB319}"
EndProject
Project("{FAE04EC0-301F-11D3-BF4B-00C04F79EFBC}") = "InternetShopAspNetCoreMvc.Domain", "InternetShopAspNetCoreMvc.Domain\InternetShopAspNetCoreMvc.Domain.csproj", "{C6DF7ACC-F3D4-4FB7-8E24-F3EB6F7621E5}"
EndProject
Project("{FAE04EC0-301F-11D3-BF4B-00C04F79EFBC}") = "InternetShopAspNetCoreMvc.Service", "InternetShopAspNetCoreMvc.Service\InternetShopAspNetCoreMvc.Service.csproj", "{293F6673-AFDD-4B37-9A43-8A4AF6B7EE0F}"
EndProject
Global
	GlobalSection(SolutionConfigurationPlatforms) = preSolution
		Debug|Any CPU = Debug|Any CPU
		Release|Any CPU = Release|Any CPU
	EndGlobalSection
	GlobalSection(ProjectConfigurationPlatforms) = postSolution
		{5009B8D7-3DB5-4DE6-98A6-E7B13FD1D8D8}.Debug|Any CPU.ActiveCfg = Debug|Any CPU
		{5009B8D7-3DB5-4DE6-98A6-E7B13FD1D8D8}.Debug|Any CPU.Build.0 = Debug|Any CPU
		{5009B8D7-3DB5-4DE6-98A6-E7B13FD1D8D8}.Release|Any CPU.ActiveCfg = Release|Any CPU
		{5009B8D7-3DB5-4DE6-98A6-E7B13FD1D8D8}.Release|Any CPU.Build.0 = Release|Any CPU
		{5CC82086-3E6F-44C3-A00A-CF4F480DB319}.Debug|Any CPU.ActiveCfg = Debug|Any CPU
		{5CC82086-3E6F-44C3-A00A-CF4F480DB319}.Debug|Any CPU.Build.0 = Debug|Any CPU
		{5CC82086-3E6F-44C3-A00A-CF4F480DB319}.Release|Any CPU.ActiveCfg = Release|Any CPU
		{5CC82086-3E6F-44C3-A00A-CF4F480DB319}.Release|Any CPU.Build.0 = Release|Any CPU
		{C6DF7ACC-F3D4-4FB7-8E24-F3EB6F7621E5}.Debug|Any CPU.ActiveCfg = Debug|Any CPU
		{C6DF7ACC-F3D4-4FB7-8E24-F3EB6F7621E5}.Debug|Any CPU.Build.0 = Debug|Any CPU
		{C6DF7ACC-F3D4-4FB7-8E24-F3EB6F7621E5}.Release|Any CPU.ActiveCfg = Release|Any CPU
		{C6DF7ACC-F3D4-4FB7-8E24-F3EB6F7621E5}.Release|Any CPU.Build.0 = Release|Any CPU
		{293F6673-AFDD-4B37-9A43-8A4AF6B7EE0F}.Debug|Any CPU.ActiveCfg = Debug|Any CPU
		{293F6673-AFDD-4B37-9A43-8A4AF6B7EE0F}.Debug|Any CPU.Build.0 = Debug|Any CPU
		{293F6673-AFDD-4B37-9A43-8A4AF6B7EE0F}.Release|Any CPU.ActiveCfg = Release|Any CPU
		{293F6673-AFDD-4B37-9A43-8A4AF6B7EE0F}.Release|Any CPU.Build.0 = Release|Any CPU
	EndGlobalSection
	GlobalSection(SolutionProperties) = preSolution
		HideSolutionNode = FALSE
	EndGlobalSection
	GlobalSection(ExtensibilityGlobals) = postSolution
		SolutionGuid = {C20FD531-A5B8-4EDD-8BCD-245235680165}
	EndGlobalSection
EndGlobal
